{
    "name": "bazel_emscripten_test",
    "version": "0.1.0",
    "lockfileVersion": 2,
    "requires": true,
    "packages": {
        "": {
            "name": "bazel_emscripten_test",
            "version": "0.1.0",
            "devDependencies": {
                "@bazel/bazelisk": "latest",
                "@bazel/buildifier": "latest",
                "@bazel/ibazel": "latest"
            }
        },
        "node_modules/@bazel/bazelisk": {
            "version": "1.11.0",
            "resolved": "https://registry.npmjs.org/@bazel/bazelisk/-/bazelisk-1.11.0.tgz",
            "integrity": "sha512-lxiQzVqSGDG0PIDQGJdVDjp7T+50p5NnM4EnRJa76mkZp6u5ul19GJNKhPKi81TZQALZEZDxAgxVqQKkWTUOxA==",
            "dev": true,
            "bin": {
                "bazel": "bazelisk.js",
                "bazelisk": "bazelisk.js"
            }
        },
        "node_modules/@bazel/buildifier": {
            "version": "5.0.1",
            "resolved": "https://registry.npmjs.org/@bazel/buildifier/-/buildifier-5.0.1.tgz",
            "integrity": "sha512-3eMWxdFtcQf+Jw55PZqD/I9N785wp6QQ2k/SZst7R64KAGrS8Ke1EhPXaZHZBkXao5GXrm6SNLDV287xg2kguA==",
            "dev": true,
            "bin": {
                "buildifier": "buildifier.js"
            }
        },
        "node_modules/@bazel/ibazel": {
            "version": "0.16.2",
            "resolved": "https://registry.npmjs.org/@bazel/ibazel/-/ibazel-0.16.2.tgz",
            "integrity": "sha512-KgqAWMH0emL6f3xH6nqyTryoBMqlJ627LBIe9PT1PRRQPz2FtHib3FIHJPukp1slzF3hJYZvdiVwgPnHbaSOOA==",
            "dev": true,
            "bin": {
                "ibazel": "index.js"
            }
        }
    },
    "dependencies": {
        "@bazel/bazelisk": {
            "version": "1.11.0",
            "resolved": "https://registry.npmjs.org/@bazel/bazelisk/-/bazelisk-1.11.0.tgz",
            "integrity": "sha512-lxiQzVqSGDG0PIDQGJdVDjp7T+50p5NnM4EnRJa76mkZp6u5ul19GJNKhPKi81TZQALZEZDxAgxVqQKkWTUOxA==",
            "dev": true
        },
        "@bazel/buildifier": {
            "version": "5.0.1",
            "resolved": "https://registry.npmjs.org/@bazel/buildifier/-/buildifier-5.0.1.tgz",
            "integrity": "sha512-3eMWxdFtcQf+Jw55PZqD/I9N785wp6QQ2k/SZst7R64KAGrS8Ke1EhPXaZHZBkXao5GXrm6SNLDV287xg2kguA==",
            "dev": true
        },
        "@bazel/ibazel": {
            "version": "0.16.2",
            "resolved": "https://registry.npmjs.org/@bazel/ibazel/-/ibazel-0.16.2.tgz",
            "integrity": "sha512-KgqAWMH0emL6f3xH6nqyTryoBMqlJ627LBIe9PT1PRRQPz2FtHib3FIHJPukp1slzF3hJYZvdiVwgPnHbaSOOA==",
            "dev": true
        }
    }
}
